
Microsoft Visual Studio Solution File, Format Version 12.00
# Visual Studio Version 17
VisualStudioVersion = 17.5.002.0
MinimumVisualStudioVersion = 10.0.40219.1
Project("{9A19103F-16F7-4668-BE54-9A1E7A4F7556}") = "OOP", "OOP.csproj", "{BC063F6B-0E41-4D2C-8CC5-C17707A97D02}"
EndProject
Global
	GlobalSection(SolutionConfigurationPlatforms) = preSolution
		Debug|Any CPU = Debug|Any CPU
		Release|Any CPU = Release|Any CPU
	EndGlobalSection
	GlobalSection(ProjectConfigurationPlatforms) = postSolution
		{BC063F6B-0E41-4D2C-8CC5-C17707A97D02}.Debug|Any CPU.ActiveCfg = Debug|Any CPU
		{BC063F6B-0E41-4D2C-8CC5-C17707A97D02}.Debug|Any CPU.Build.0 = Debug|Any CPU
		{BC063F6B-0E41-4D2C-8CC5-C17707A97D02}.Release|Any CPU.ActiveCfg = Release|Any CPU
		{BC063F6B-0E41-4D2C-8CC5-C17707A97D02}.Release|Any CPU.Build.0 = Release|Any CPU
	EndGlobalSection
	GlobalSection(SolutionProperties) = preSolution
		HideSolutionNode = FALSE
	EndGlobalSection
	GlobalSection(ExtensibilityGlobals) = postSolution
		SolutionGuid = {47EDFE7A-BAF2-4BB4-92A6-85CB1710F151}
	EndGlobalSection
EndGlobal
